
Microsoft Visual Studio Solution File, Format Version 12.00
# Visual Studio Version 16
VisualStudioVersion = 16.0.30523.141
MinimumVisualStudioVersion = 10.0.40219.1
Project("{9A19103F-16F7-4668-BE54-9A1E7A4F7556}") = "githubapi", "githubapi\githubapi.csproj", "{4A23ED33-6A4B-4893-80A2-B32F267556A0}"
EndProject
Project("{FAE04EC0-301F-11D3-BF4B-00C04F79EFBC}") = "githubapi.Tests", "githubapi.Tests\githubapi.Tests.csproj", "{5DD6637F-D252-4B11-AA84-74B0BBC026DC}"
EndProject
Global
	GlobalSection(SolutionConfigurationPlatforms) = preSolution
		Debug|Any CPU = Debug|Any CPU
		Release|Any CPU = Release|Any CPU
	EndGlobalSection
	GlobalSection(ProjectConfigurationPlatforms) = postSolution
		{4A23ED33-6A4B-4893-80A2-B32F267556A0}.Debug|Any CPU.ActiveCfg = Debug|Any CPU
		{4A23ED33-6A4B-4893-80A2-B32F267556A0}.Debug|Any CPU.Build.0 = Debug|Any CPU
		{4A23ED33-6A4B-4893-80A2-B32F267556A0}.Release|Any CPU.ActiveCfg = Release|Any CPU
		{4A23ED33-6A4B-4893-80A2-B32F267556A0}.Release|Any CPU.Build.0 = Release|Any CPU
		{5DD6637F-D252-4B11-AA84-74B0BBC026DC}.Debug|Any CPU.ActiveCfg = Debug|Any CPU
		{5DD6637F-D252-4B11-AA84-74B0BBC026DC}.Debug|Any CPU.Build.0 = Debug|Any CPU
		{5DD6637F-D252-4B11-AA84-74B0BBC026DC}.Release|Any CPU.ActiveCfg = Release|Any CPU
		{5DD6637F-D252-4B11-AA84-74B0BBC026DC}.Release|Any CPU.Build.0 = Release|Any CPU
	EndGlobalSection
	GlobalSection(SolutionProperties) = preSolution
		HideSolutionNode = FALSE
	EndGlobalSection
	GlobalSection(ExtensibilityGlobals) = postSolution
		SolutionGuid = {5D297D35-5EF7-4E1F-8F6F-F31D7C915399}
	EndGlobalSection
EndGlobal
